
Microsoft Visual Studio Solution File, Format Version 12.00
# Visual Studio Version 16
VisualStudioVersion = 16.0.31729.503
MinimumVisualStudioVersion = 10.0.40219.1
Project("{FAE04EC0-301F-11D3-BF4B-00C04F79EFBC}") = "TestNinja", "TestNinja\TestNinja.csproj", "{7328740E-4B78-464F-8352-65D887F2145F}"
EndProject
Project("{FAE04EC0-301F-11D3-BF4B-00C04F79EFBC}") = "TestNinja.UnitTests", "TestNinja.UnitTests\TestNinja.UnitTests.csproj", "{DD6F2D64-5B94-485E-AAE7-9E8441C732A2}"
EndProject
Project("{FAE04EC0-301F-11D3-BF4B-00C04F79EFBC}") = "TestNinja.NUnit.UnitTests", "TestNinja.NUnit.UnitTests\TestNinja.NUnit.UnitTests.csproj", "{D423590D-841B-4CB0-8E88-9B4B518543D6}"
EndProject
Global
	GlobalSection(SolutionConfigurationPlatforms) = preSolution
		Debug|Any CPU = Debug|Any CPU
		Release|Any CPU = Release|Any CPU
	EndGlobalSection
	GlobalSection(ProjectConfigurationPlatforms) = postSolution
		{7328740E-4B78-464F-8352-65D887F2145F}.Debug|Any CPU.ActiveCfg = Debug|Any CPU
		{7328740E-4B78-464F-8352-65D887F2145F}.Debug|Any CPU.Build.0 = Debug|Any CPU
		{7328740E-4B78-464F-8352-65D887F2145F}.Release|Any CPU.ActiveCfg = Release|Any CPU
		{7328740E-4B78-464F-8352-65D887F2145F}.Release|Any CPU.Build.0 = Release|Any CPU
		{DD6F2D64-5B94-485E-AAE7-9E8441C732A2}.Debug|Any CPU.ActiveCfg = Debug|Any CPU
		{DD6F2D64-5B94-485E-AAE7-9E8441C732A2}.Debug|Any CPU.Build.0 = Debug|Any CPU
		{DD6F2D64-5B94-485E-AAE7-9E8441C732A2}.Release|Any CPU.ActiveCfg = Release|Any CPU
		{DD6F2D64-5B94-485E-AAE7-9E8441C732A2}.Release|Any CPU.Build.0 = Release|Any CPU
		{D423590D-841B-4CB0-8E88-9B4B518543D6}.Debug|Any CPU.ActiveCfg = Debug|Any CPU
		{D423590D-841B-4CB0-8E88-9B4B518543D6}.Debug|Any CPU.Build.0 = Debug|Any CPU
		{D423590D-841B-4CB0-8E88-9B4B518543D6}.Release|Any CPU.ActiveCfg = Release|Any CPU
		{D423590D-841B-4CB0-8E88-9B4B518543D6}.Release|Any CPU.Build.0 = Release|Any CPU
	EndGlobalSection
	GlobalSection(SolutionProperties) = preSolution
		HideSolutionNode = FALSE
	EndGlobalSection
	GlobalSection(ExtensibilityGlobals) = postSolution
		SolutionGuid = {E547B8CD-822E-4470-B361-9C6C48EA1340}
	EndGlobalSection
EndGlobal
